
Microsoft Visual Studio Solution File, Format Version 12.00
# Visual Studio 15
VisualStudioVersion = 15.0.27428.2015
MinimumVisualStudioVersion = 10.0.40219.1
Project("{FAE04EC0-301F-11D3-BF4B-00C04F79EFBC}") = "InvestimentAdviser", "InvestimentAdviser\InvestimentAdviser.csproj", "{BD62DB14-AB41-4EC3-A93A-B64CD6D35504}"
EndProject
Project("{FAE04EC0-301F-11D3-BF4B-00C04F79EFBC}") = "Business", "Business\Business.csproj", "{5BC01243-4A05-48B0-B99A-5904D104EACD}"
EndProject
Project("{FAE04EC0-301F-11D3-BF4B-00C04F79EFBC}") = "Data", "Data\Data.csproj", "{1CEEFAB9-11F8-4020-A4DB-45F67B4D27E4}"
EndProject
Global
	GlobalSection(SolutionConfigurationPlatforms) = preSolution
		Debug|Any CPU = Debug|Any CPU
		Release|Any CPU = Release|Any CPU
	EndGlobalSection
	GlobalSection(ProjectConfigurationPlatforms) = postSolution
		{BD62DB14-AB41-4EC3-A93A-B64CD6D35504}.Debug|Any CPU.ActiveCfg = Debug|Any CPU
		{BD62DB14-AB41-4EC3-A93A-B64CD6D35504}.Debug|Any CPU.Build.0 = Debug|Any CPU
		{BD62DB14-AB41-4EC3-A93A-B64CD6D35504}.Release|Any CPU.ActiveCfg = Release|Any CPU
		{BD62DB14-AB41-4EC3-A93A-B64CD6D35504}.Release|Any CPU.Build.0 = Release|Any CPU
		{5BC01243-4A05-48B0-B99A-5904D104EACD}.Debug|Any CPU.ActiveCfg = Debug|Any CPU
		{5BC01243-4A05-48B0-B99A-5904D104EACD}.Debug|Any CPU.Build.0 = Debug|Any CPU
		{5BC01243-4A05-48B0-B99A-5904D104EACD}.Release|Any CPU.ActiveCfg = Release|Any CPU
		{5BC01243-4A05-48B0-B99A-5904D104EACD}.Release|Any CPU.Build.0 = Release|Any CPU
		{1CEEFAB9-11F8-4020-A4DB-45F67B4D27E4}.Debug|Any CPU.ActiveCfg = Debug|Any CPU
		{1CEEFAB9-11F8-4020-A4DB-45F67B4D27E4}.Debug|Any CPU.Build.0 = Debug|Any CPU
		{1CEEFAB9-11F8-4020-A4DB-45F67B4D27E4}.Release|Any CPU.ActiveCfg = Release|Any CPU
		{1CEEFAB9-11F8-4020-A4DB-45F67B4D27E4}.Release|Any CPU.Build.0 = Release|Any CPU
	EndGlobalSection
	GlobalSection(SolutionProperties) = preSolution
		HideSolutionNode = FALSE
	EndGlobalSection
	GlobalSection(ExtensibilityGlobals) = postSolution
		SolutionGuid = {77DDFC50-C4AE-43DD-A3CC-FDEC5068AA99}
	EndGlobalSection
EndGlobal
